
Microsoft Visual Studio Solution File, Format Version 12.00
# Visual Studio Version 17
VisualStudioVersion = 17.8.34330.188
MinimumVisualStudioVersion = 10.0.40219.1
Project("{FAE04EC0-301F-11D3-BF4B-00C04F79EFBC}") = "ZadatakA3-EvidencijaRadnika", "ZadatakA3-EvidencijaRadnika\ZadatakA3-EvidencijaRadnika.csproj", "{B92EBCE1-8B57-49AC-84CB-D24B3788EEA0}"
EndProject
Global
	GlobalSection(SolutionConfigurationPlatforms) = preSolution
		Debug|Any CPU = Debug|Any CPU
		Release|Any CPU = Release|Any CPU
	EndGlobalSection
	GlobalSection(ProjectConfigurationPlatforms) = postSolution
		{B92EBCE1-8B57-49AC-84CB-D24B3788EEA0}.Debug|Any CPU.ActiveCfg = Debug|Any CPU
		{B92EBCE1-8B57-49AC-84CB-D24B3788EEA0}.Debug|Any CPU.Build.0 = Debug|Any CPU
		{B92EBCE1-8B57-49AC-84CB-D24B3788EEA0}.Release|Any CPU.ActiveCfg = Release|Any CPU
		{B92EBCE1-8B57-49AC-84CB-D24B3788EEA0}.Release|Any CPU.Build.0 = Release|Any CPU
	EndGlobalSection
	GlobalSection(SolutionProperties) = preSolution
		HideSolutionNode = FALSE
	EndGlobalSection
	GlobalSection(ExtensibilityGlobals) = postSolution
		SolutionGuid = {EA313132-793B-4882-9787-184556BDDE43}
	EndGlobalSection
EndGlobal
